
Microsoft Visual Studio Solution File, Format Version 12.00
# Visual Studio Version 17
VisualStudioVersion = 17.6.33712.159
MinimumVisualStudioVersion = 10.0.40219.1
Project("{FAE04EC0-301F-11D3-BF4B-00C04F79EFBC}") = "IPATil", "IPATil\IPATil.csproj", "{A6A15D21-AB59-46D0-999A-0B23AB979847}"
EndProject
Global
	GlobalSection(SolutionConfigurationPlatforms) = preSolution
		Debug|Any CPU = Debug|Any CPU
		Release|Any CPU = Release|Any CPU
	EndGlobalSection
	GlobalSection(ProjectConfigurationPlatforms) = postSolution
		{A6A15D21-AB59-46D0-999A-0B23AB979847}.Debug|Any CPU.ActiveCfg = Debug|Any CPU
		{A6A15D21-AB59-46D0-999A-0B23AB979847}.Debug|Any CPU.Build.0 = Debug|Any CPU
		{A6A15D21-AB59-46D0-999A-0B23AB979847}.Release|Any CPU.ActiveCfg = Release|Any CPU
		{A6A15D21-AB59-46D0-999A-0B23AB979847}.Release|Any CPU.Build.0 = Release|Any CPU
	EndGlobalSection
	GlobalSection(SolutionProperties) = preSolution
		HideSolutionNode = FALSE
	EndGlobalSection
	GlobalSection(ExtensibilityGlobals) = postSolution
		SolutionGuid = {BBA5C565-8DE0-4C78-939E-A679D6C43284}
	EndGlobalSection
EndGlobal
